// !$*UTF8*$!
{
	archiveVersion = 1;
	classes = {
	};
	objectVersion = 50;
	objects = {

/* Begin PBXBuildFile section */
		029722F725B652FC006EFAAA /* AppDelegate.swift in Sources */ = {isa = PBXBuildFile; fileRef = 029722F625B652FC006EFAAA /* AppDelegate.swift */; };
		029722F925B652FC006EFAAA /* SceneDelegate.swift in Sources */ = {isa = PBXBuildFile; fileRef = 029722F825B652FC006EFAAA /* SceneDelegate.swift */; };
		029722FB25B652FC006EFAAA /* ViewController.swift in Sources */ = {isa = PBXBuildFile; fileRef = 029722FA25B652FC006EFAAA /* ViewController.swift */; };
		029722FE25B652FC006EFAAA /* Main.storyboard in Resources */ = {isa = PBXBuildFile; fileRef = 029722FC25B652FC006EFAAA /* Main.storyboard */; };
		0297230125B652FC006EFAAA /* HolidayList.xcdatamodeld in Sources */ = {isa = PBXBuildFile; fileRef = 029722FF25B652FC006EFAAA /* HolidayList.xcdatamodeld */; };
		0297230325B65300006EFAAA /* Assets.xcassets in Resources */ = {isa = PBXBuildFile; fileRef = 0297230225B65300006EFAAA /* Assets.xcassets */; };
		0297230625B65300006EFAAA /* LaunchScreen.storyboard in Resources */ = {isa = PBXBuildFile; fileRef = 0297230425B65300006EFAAA /* LaunchScreen.storyboard */; };
/* End PBXBuildFile section */

/* Begin PBXFileReference section */
		029722F325B652FC006EFAAA /* HolidayList.app */ = {isa = PBXFileReference; explicitFileType = wrapper.application; includeInIndex = 0; path = HolidayList.app; sourceTree = BUILT_PRODUCTS_DIR; };
		029722F625B652FC006EFAAA /* AppDelegate.swift */ = {isa = PBXFileReference; lastKnownFileType = sourcecode.swift; path = AppDelegate.swift; sourceTree = "<group>"; };
		029722F825B652FC006EFAAA /* SceneDelegate.swift */ = {isa = PBXFileReference; lastKnownFileType = sourcecode.swift; path = SceneDelegate.swift; sourceTree = "<group>"; };
		029722FA25B652FC006EFAAA /* ViewController.swift */ = {isa = PBXFileReference; lastKnownFileType = sourcecode.swift; path = ViewController.swift; sourceTree = "<group>"; };
		029722FD25B652FC006EFAAA /* Base */ = {isa = PBXFileReference; lastKnownFileType = file.storyboard; name = Base; path = Base.lproj/Main.storyboard; sourceTree = "<group>"; };
		0297230025B652FC006EFAAA /* HolidayList.xcdatamodel */ = {isa = PBXFileReference; lastKnownFileType = wrapper.xcdatamodel; path = HolidayList.xcdatamodel; sourceTree = "<group>"; };
		0297230225B65300006EFAAA /* Assets.xcassets */ = {isa = PBXFileReference; lastKnownFileType = folder.assetcatalog; path = Assets.xcassets; sourceTree = "<group>"; };
		0297230525B65300006EFAAA /* Base */ = {isa = PBXFileReference; lastKnownFileType = file.storyboard; name = Base; path = Base.lproj/LaunchScreen.storyboard; sourceTree = "<group>"; };
		0297230725B65300006EFAAA /* Info.plist */ = {isa = PBXFileReference; lastKnownFileType = text.plist.xml; path = Info.plist; sourceTree = "<group>"; };
/* End PBXFileReference section */

/* Begin PBXFrameworksBuildPhase section */
		029722F025B652FC006EFAAA /* Frameworks */ = {
			isa = PBXFrameworksBuildPhase;
			buildActionMask = 2147483647;
			files = (
			);
			runOnlyForDeploymentPostprocessing = 0;
		};
/* End PBXFrameworksBuildPhase section */

/* Begin PBXGroup section */
		029722EA25B652FC006EFAAA = {
			isa = PBXGroup;
			children = (
				029722F525B652FC006EFAAA /* HolidayList */,
				029722F425B652FC006EFAAA /* Products */,
			);
			sourceTree = "<group>";
		};
		029722F425B652FC006EFAAA /* Products */ = {
			isa = PBXGroup;
			children = (
				029722F325B652FC006EFAAA /* HolidayList.app */,
			);
			name = Products;
			sourceTree = "<group>";
		};
		029722F525B652FC006EFAAA /* HolidayList */ = {
			isa = PBXGroup;
			children = (
				029722F625B652FC006EFAAA /* AppDelegate.swift */,
				029722F825B652FC006EFAAA /* SceneDelegate.swift */,
				029722FA25B652FC006EFAAA /* ViewController.swift */,
				029722FC25B652FC006EFAAA /* Main.storyboard */,
				0297230225B65300006EFAAA /* Assets.xcassets */,
				0297230425B65300006EFAAA /* LaunchScreen.storyboard */,
				0297230725B65300006EFAAA /* Info.plist */,
				029722FF25B652FC006EFAAA /* HolidayList.xcdatamodeld */,
			);
			path = HolidayList;
			sourceTree = "<group>";
		};
/* End PBXGroup section */

/* Begin PBXNativeTarget section */
		029722F225B652FC006EFAAA /* HolidayList */ = {
			isa = PBXNativeTarget;
			buildConfigurationList = 0297230A25B65300006EFAAA /* Build configuration list for PBXNativeTarget "HolidayList" */;
			buildPhases = (
				029722EF25B652FC006EFAAA /* Sources */,
				029722F025B652FC006EFAAA /* Frameworks */,
				029722F125B652FC006EFAAA /* Resources */,
			);
			buildRules = (
			);
			dependencies = (
			);
			name = HolidayList;
			productName = HolidayList;
			productReference = 029722F325B652FC006EFAAA /* HolidayList.app */;
			productType = "com.apple.product-type.application";
		};
/* End PBXNativeTarget section */

/* Begin PBXProject section */
		029722EB25B652FC006EFAAA /* Project object */ = {
			isa = PBXProject;
			attributes = {
				LastSwiftUpdateCheck = 1230;
				LastUpgradeCheck = 1230;
				TargetAttributes = {
					029722F225B652FC006EFAAA = {
						CreatedOnToolsVersion = 12.3;
					};
				};
			};
			buildConfigurationList = 029722EE25B652FC006EFAAA /* Build configuration list for PBXProject "HolidayList" */;
			compatibilityVersion = "Xcode 9.3";
			developmentRegion = en;
			hasScannedForEncodings = 0;
			knownRegions = (
				en,
				Base,
			);
			mainGroup = 029722EA25B652FC006EFAAA;
			productRefGroup = 029722F425B652FC006EFAAA /* Products */;
			projectDirPath = "";
			projectRoot = "";
			targets = (
				029722F225B652FC006EFAAA /* HolidayList */,
			);
		};
/* End PBXProject section */

/* Begin PBXResourcesBuildPhase section */
		029722F125B652FC006EFAAA /* Resources */ = {
			isa = PBXResourcesBuildPhase;
			buildActionMask = 2147483647;
			files = (
				0297230625B65300006EFAAA /* LaunchScreen.storyboard in Resources */,
				0297230325B65300006EFAAA /* Assets.xcassets in Resources */,
				029722FE25B652FC006EFAAA /* Main.storyboard in Resources */,
			);
			runOnlyForDeploymentPostprocessing = 0;
		};
/* End PBXResourcesBuildPhase section */

/* Begin PBXSourcesBuildPhase section */
		029722EF25B652FC006EFAAA /* Sources */ = {
			isa = PBXSourcesBuildPhase;
			buildActionMask = 2147483647;
			files = (
				029722FB25B652FC006EFAAA /* ViewController.swift in Sources */,
				029722F725B652FC006EFAAA /* AppDelegate.swift in Sources */,
				0297230125B652FC006EFAAA /* HolidayList.xcdatamodeld in Sources */,
				029722F925B652FC006EFAAA /* SceneDelegate.swift in Sources */,
			);
			runOnlyForDeploymentPostprocessing = 0;
		};
/* End PBXSourcesBuildPhase section */

/* Begin PBXVariantGroup section */
		029722FC25B652FC006EFAAA /* Main.storyboard */ = {
			isa = PBXVariantGroup;
			children = (
				029722FD25B652FC006EFAAA /* Base */,
			);
			name = Main.storyboard;
			sourceTree = "<group>";
		};
		0297230425B65300006EFAAA /* LaunchScreen.storyboard */ = {
			isa = PBXVariantGroup;
			children = (
				0297230525B65300006EFAAA /* Base */,
			);
			name = LaunchScreen.storyboard;
			sourceTree = "<group>";
		};
/* End PBXVariantGroup section */

/* Begin XCBuildConfiguration section */
		0297230825B65300006EFAAA /* Debug */ = {
			isa = XCBuildConfiguration;
			buildSettings = {
				ALWAYS_SEARCH_USER_PATHS = NO;
				CLANG_ANALYZER_NONNULL = YES;
				CLANG_ANALYZER_NUMBER_OBJECT_CONVERSION = YES_AGGRESSIVE;
				CLANG_CXX_LANGUAGE_STANDARD = "gnu++14";
				CLANG_CXX_LIBRARY = "libc++";
				CLANG_ENABLE_MODULES = YES;
				CLANG_ENABLE_OBJC_ARC = YES;
				CLANG_ENABLE_OBJC_WEAK = YES;
				CLANG_WARN_BLOCK_CAPTURE_AUTORELEASING = YES;
				CLANG_WARN_BOOL_CONVERSION = YES;
				CLANG_WARN_COMMA = YES;
				CLANG_WARN_CONSTANT_CONVERSION = YES;
				CLANG_WARN_DEPRECATED_OBJC_IMPLEMENTATIONS = YES;
				CLANG_WARN_DIRECT_OBJC_ISA_USAGE = YES_ERROR;
				CLANG_WARN_DOCUMENTATION_COMMENTS = YES;
				CLANG_WARN_EMPTY_BODY = YES;
				CLANG_WARN_ENUM_CONVERSION = YES;
				CLANG_WARN_INFINITE_RECURSION = YES;
				CLANG_WARN_INT_CONVERSION = YES;
				CLANG_WARN_NON_LITERAL_NULL_CONVERSION = YES;
				CLANG_WARN_OBJC_IMPLICIT_RETAIN_SELF = YES;
				CLANG_WARN_OBJC_LITERAL_CONVERSION = YES;
				CLANG_WARN_OBJC_ROOT_CLASS = YES_ERROR;
				CLANG_WARN_QUOTED_INCLUDE_IN_FRAMEWORK_HEADER = YES;
				CLANG_WARN_RANGE_LOOP_ANALYSIS = YES;
				CLANG_WARN_STRICT_PROTOTYPES = YES;
				CLANG_WARN_SUSPICIOUS_MOVE = YES;
				CLANG_WARN_UNGUARDED_AVAILABILITY = YES_AGGRESSIVE;
				CLANG_WARN_UNREACHABLE_CODE = YES;
				CLANG_WARN__DUPLICATE_METHOD_MATCH = YES;
				COPY_PHASE_STRIP = NO;
				DEBUG_INFORMATION_FORMAT = dwarf;
				ENABLE_STRICT_OBJC_MSGSEND = YES;
				ENABLE_TESTABILITY = YES;
				GCC_C_LANGUAGE_STANDARD = gnu11;
				GCC_DYNAMIC_NO_PIC = NO;
				GCC_NO_COMMON_BLOCKS = YES;
				GCC_OPTIMIZATION_LEVEL = 0;
				GCC_PREPROCESSOR_DEFINITIONS = (
					"DEBUG=1",
					"$(inherited)",
				);
				GCC_WARN_64_TO_32_BIT_CONVERSION = YES;
				GCC_WARN_ABOUT_RETURN_TYPE = YES_ERROR;
				GCC_WARN_UNDECLARED_SELECTOR = YES;
				GCC_WARN_UNINITIALIZED_AUTOS = YES_AGGRESSIVE;
				GCC_WARN_UNUSED_FUNCTION = YES;
				GCC_WARN_UNUSED_VARIABLE = YES;
				IPHONEOS_DEPLOYMENT_TARGET = 14.3;
				MTL_ENABLE_DEBUG_INFO = INCLUDE_SOURCE;
				MTL_FAST_MATH = YES;
				ONLY_ACTIVE_ARCH = YES;
				SDKROOT = iphoneos;
				SWIFT_ACTIVE_COMPILATION_CONDITIONS = DEBUG;
				SWIFT_OPTIMIZATION_LEVEL = "-Onone";
			};
			name = Debug;
		};
		0297230925B65300006EFAAA /* Release */ = {
			isa = XCBuildConfiguration;
			buildSettings = {
				ALWAYS_SEARCH_USER_PATHS = NO;
				CLANG_ANALYZER_NONNULL = YES;
				CLANG_ANALYZER_NUMBER_OBJECT_CONVERSION = YES_AGGRESSIVE;
				CLANG_CXX_LANGUAGE_STANDARD = "gnu++14";
				CLANG_CXX_LIBRARY = "libc++";
				CLANG_ENABLE_MODULES = YES;
				CLANG_ENABLE_OBJC_ARC = YES;
				CLANG_ENABLE_OBJC_WEAK = YES;
				CLANG_WARN_BLOCK_CAPTURE_AUTORELEASING = YES;
				CLANG_WARN_BOOL_CONVERSION = YES;
				CLANG_WARN_COMMA = YES;
				CLANG_WARN_CONSTANT_CONVERSION = YES;
				CLANG_WARN_DEPRECATED_OBJC_IMPLEMENTATIONS = YES;
				CLANG_WARN_DIRECT_OBJC_ISA_USAGE = YES_ERROR;
				CLANG_WARN_DOCUMENTATION_COMMENTS = YES;
				CLANG_WARN_EMPTY_BODY = YES;
				CLANG_WARN_ENUM_CONVERSION = YES;
				CLANG_WARN_INFINITE_RECURSION = YES;
				CLANG_WARN_INT_CONVERSION = YES;
				CLANG_WARN_NON_LITERAL_NULL_CONVERSION = YES;
				CLANG_WARN_OBJC_IMPLICIT_RETAIN_SELF = YES;
				CLANG_WARN_OBJC_LITERAL_CONVERSION = YES;
				CLANG_WARN_OBJC_ROOT_CLASS = YES_ERROR;
				CLANG_WARN_QUOTED_INCLUDE_IN_FRAMEWORK_HEADER = YES;
				CLANG_WARN_RANGE_LOOP_ANALYSIS = YES;
				CLANG_WARN_STRICT_PROTOTYPES = YES;
				CLANG_WARN_SUSPICIOUS_MOVE = YES;
				CLANG_WARN_UNGUARDED_AVAILABILITY = YES_AGGRESSIVE;
				CLANG_WARN_UNREACHABLE_CODE = YES;
				CLANG_WARN__DUPLICATE_METHOD_MATCH = YES;
				COPY_PHASE_STRIP = NO;
				DEBUG_INFORMATION_FORMAT = "dwarf-with-dsym";
				ENABLE_NS_ASSERTIONS = NO;
				ENABLE_STRICT_OBJC_MSGSEND = YES;
				GCC_C_LANGUAGE_STANDARD = gnu11;
				GCC_NO_COMMON_BLOCKS = YES;
				GCC_WARN_64_TO_32_BIT_CONVERSION = YES;
				GCC_WARN_ABOUT_RETURN_TYPE = YES_ERROR;
				GCC_WARN_UNDECLARED_SELECTOR = YES;
				GCC_WARN_UNINITIALIZED_AUTOS = YES_AGGRESSIVE;
				GCC_WARN_UNUSED_FUNCTION = YES;
				GCC_WARN_UNUSED_VARIABLE = YES;
				IPHONEOS_DEPLOYMENT_TARGET = 14.3;
				MTL_ENABLE_DEBUG_INFO = NO;
				MTL_FAST_MATH = YES;
				SDKROOT = iphoneos;
				SWIFT_COMPILATION_MODE = wholemodule;
				SWIFT_OPTIMIZATION_LEVEL = "-O";
				VALIDATE_PRODUCT = YES;
			};
			name = Release;
		};
		0297230B25B65300006EFAAA /* Debug */ = {
			isa = XCBuildConfiguration;
			buildSettings = {
				ASSETCATALOG_COMPILER_APPICON_NAME = AppIcon;
				ASSETCATALOG_COMPILER_GLOBAL_ACCENT_COLOR_NAME = AccentColor;
				CODE_SIGN_STYLE = Automatic;
				DEVELOPMENT_TEAM = W48382BB5G;
				INFOPLIST_FILE = HolidayList/Info.plist;
				LD_RUNPATH_SEARCH_PATHS = (
					"$(inherited)",
					"@executable_path/Frameworks",
				);
				PRODUCT_BUNDLE_IDENTIFIER = BrianJayD.HolidayList;
				PRODUCT_NAME = "$(TARGET_NAME)";
				SWIFT_VERSION = 5.0;
				TARGETED_DEVICE_FAMILY = "1,2";
			};
			name = Debug;
		};
		0297230C25B65300006EFAAA /* Release */ = {
			isa = XCBuildConfiguration;
			buildSettings = {
				ASSETCATALOG_COMPILER_APPICON_NAME = AppIcon;
				ASSETCATALOG_COMPILER_GLOBAL_ACCENT_COLOR_NAME = AccentColor;
				CODE_SIGN_STYLE = Automatic;
				DEVELOPMENT_TEAM = W48382BB5G;
				INFOPLIST_FILE = HolidayList/Info.plist;
				LD_RUNPATH_SEARCH_PATHS = (
					"$(inherited)",
					"@executable_path/Frameworks",
				);
				PRODUCT_BUNDLE_IDENTIFIER = BrianJayD.HolidayList;
				PRODUCT_NAME = "$(TARGET_NAME)";
				SWIFT_VERSION = 5.0;
				TARGETED_DEVICE_FAMILY = "1,2";
			};
			name = Release;
		};
/* End XCBuildConfiguration section */

/* Begin XCConfigurationList section */
		029722EE25B652FC006EFAAA /* Build configuration list for PBXProject "HolidayList" */ = {
			isa = XCConfigurationList;
			buildConfigurations = (
				0297230825B65300006EFAAA /* Debug */,
				0297230925B65300006EFAAA /* Release */,
			);
			defaultConfigurationIsVisible = 0;
			defaultConfigurationName = Release;
		};
		0297230A25B65300006EFAAA /* Build configuration list for PBXNativeTarget "HolidayList" */ = {
			isa = XCConfigurationList;
			buildConfigurations = (
				0297230B25B65300006EFAAA /* Debug */,
				0297230C25B65300006EFAAA /* Release */,
			);
			defaultConfigurationIsVisible = 0;
			defaultConfigurationName = Release;
		};
/* End XCConfigurationList section */

/* Begin XCVersionGroup section */
		029722FF25B652FC006EFAAA /* HolidayList.xcdatamodeld */ = {
			isa = XCVersionGroup;
			children = (
				0297230025B652FC006EFAAA /* HolidayList.xcdatamodel */,
			);
			currentVersion = 0297230025B652FC006EFAAA /* HolidayList.xcdatamodel */;
			path = HolidayList.xcdatamodeld;
			sourceTree = "<group>";
			versionGroupType = wrapper.xcdatamodel;
		};
/* End XCVersionGroup section */
	};
	rootObject = 029722EB25B652FC006EFAAA /* Project object */;
}
